
Microsoft Visual Studio Solution File, Format Version 12.00
# Visual Studio Version 17
VisualStudioVersion = 17.1.32414.318
MinimumVisualStudioVersion = 10.0.40219.1
Project("{9A19103F-16F7-4668-BE54-9A1E7A4F7556}") = "plex-credits-detect", "plex-credits-detect\plex-credits-detect.csproj", "{ADBE5A29-0FE5-41C2-B48C-5CF84380D416}"
EndProject
Project("{FAE04EC0-301F-11D3-BF4B-00C04F79EFBC}") = "UnitTests", "UnitTests\UnitTests.csproj", "{28CA6982-DCFC-4735-A7A4-3BA7683E53BE}"
EndProject
Global
	GlobalSection(SolutionConfigurationPlatforms) = preSolution
		Debug|Any CPU = Debug|Any CPU
		Release|Any CPU = Release|Any CPU
	EndGlobalSection
	GlobalSection(ProjectConfigurationPlatforms) = postSolution
		{ADBE5A29-0FE5-41C2-B48C-5CF84380D416}.Debug|Any CPU.ActiveCfg = Debug|Any CPU
		{ADBE5A29-0FE5-41C2-B48C-5CF84380D416}.Debug|Any CPU.Build.0 = Debug|Any CPU
		{ADBE5A29-0FE5-41C2-B48C-5CF84380D416}.Release|Any CPU.ActiveCfg = Release|Any CPU
		{ADBE5A29-0FE5-41C2-B48C-5CF84380D416}.Release|Any CPU.Build.0 = Release|Any CPU
		{28CA6982-DCFC-4735-A7A4-3BA7683E53BE}.Debug|Any CPU.ActiveCfg = Debug|Any CPU
		{28CA6982-DCFC-4735-A7A4-3BA7683E53BE}.Debug|Any CPU.Build.0 = Debug|Any CPU
		{28CA6982-DCFC-4735-A7A4-3BA7683E53BE}.Release|Any CPU.ActiveCfg = Release|Any CPU
		{28CA6982-DCFC-4735-A7A4-3BA7683E53BE}.Release|Any CPU.Build.0 = Release|Any CPU
	EndGlobalSection
	GlobalSection(SolutionProperties) = preSolution
		HideSolutionNode = FALSE
	EndGlobalSection
	GlobalSection(ExtensibilityGlobals) = postSolution
		SolutionGuid = {B7A8083A-DF59-4EBA-821E-11FF7A116AB9}
	EndGlobalSection
EndGlobal
